// !$*UTF8*$!
{
	archiveVersion = 1;
	classes = {
	};
	objectVersion = 50;
	objects = {

/* Begin PBXBuildFile section */
		3788F2960A3520FF4B31B3F1 /* Pods_OneStopNews.framework in Frameworks */ = {isa = PBXBuildFile; fileRef = 73A73CED7B5633A158318DAC /* Pods_OneStopNews.framework */; };
		98808EE9228A247A0068AE13 /* AppDelegate.swift in Sources */ = {isa = PBXBuildFile; fileRef = 98808EE8228A247A0068AE13 /* AppDelegate.swift */; };
		98808EEB228A247A0068AE13 /* MainScreenViewController.swift in Sources */ = {isa = PBXBuildFile; fileRef = 98808EEA228A247A0068AE13 /* MainScreenViewController.swift */; };
		98808EEE228A247A0068AE13 /* Main.storyboard in Resources */ = {isa = PBXBuildFile; fileRef = 98808EEC228A247A0068AE13 /* Main.storyboard */; };
		98808EF0228A247B0068AE13 /* Assets.xcassets in Resources */ = {isa = PBXBuildFile; fileRef = 98808EEF228A247B0068AE13 /* Assets.xcassets */; };
		98808EF3228A247B0068AE13 /* LaunchScreen.storyboard in Resources */ = {isa = PBXBuildFile; fileRef = 98808EF1228A247B0068AE13 /* LaunchScreen.storyboard */; };
		98808EFB228A2D370068AE13 /* ExploreTopicsViewController.swift in Sources */ = {isa = PBXBuildFile; fileRef = 98808EFA228A2D370068AE13 /* ExploreTopicsViewController.swift */; };
		98808F00228A42180068AE13 /* OSNNetworking.swift in Sources */ = {isa = PBXBuildFile; fileRef = 98808EFF228A42180068AE13 /* OSNNetworking.swift */; };
		98B0AE03228BFC8000CC0291 /* RoundedShadowCard.swift in Sources */ = {isa = PBXBuildFile; fileRef = 98B0AE02228BFC8000CC0291 /* RoundedShadowCard.swift */; };
		98B0AE23228CEF0700CC0291 /* Article.swift in Sources */ = {isa = PBXBuildFile; fileRef = 98B0AE22228CEF0700CC0291 /* Article.swift */; };
		98EDBA81228FE6880062E4E2 /* CNNViewController.swift in Sources */ = {isa = PBXBuildFile; fileRef = 98EDBA80228FE6880062E4E2 /* CNNViewController.swift */; };
		98EDBA83228FE6A60062E4E2 /* NYTimesViewController.swift in Sources */ = {isa = PBXBuildFile; fileRef = 98EDBA82228FE6A60062E4E2 /* NYTimesViewController.swift */; };
		98EDBA85228FE6B60062E4E2 /* HuffingtonPostViewController.swift in Sources */ = {isa = PBXBuildFile; fileRef = 98EDBA84228FE6B60062E4E2 /* HuffingtonPostViewController.swift */; };
		98EDBA87228FE6C80062E4E2 /* NBCViewController.swift in Sources */ = {isa = PBXBuildFile; fileRef = 98EDBA86228FE6C80062E4E2 /* NBCViewController.swift */; };
/* End PBXBuildFile section */

/* Begin PBXFileReference section */
		0CE53C28698DF52C4BAD39C5 /* Pods-OneStopNews.debug.xcconfig */ = {isa = PBXFileReference; includeInIndex = 1; lastKnownFileType = text.xcconfig; name = "Pods-OneStopNews.debug.xcconfig"; path = "Target Support Files/Pods-OneStopNews/Pods-OneStopNews.debug.xcconfig"; sourceTree = "<group>"; };
		73A73CED7B5633A158318DAC /* Pods_OneStopNews.framework */ = {isa = PBXFileReference; explicitFileType = wrapper.framework; includeInIndex = 0; path = Pods_OneStopNews.framework; sourceTree = BUILT_PRODUCTS_DIR; };
		98808EE5228A247A0068AE13 /* OneStopNews.app */ = {isa = PBXFileReference; explicitFileType = wrapper.application; includeInIndex = 0; path = OneStopNews.app; sourceTree = BUILT_PRODUCTS_DIR; };
		98808EE8228A247A0068AE13 /* AppDelegate.swift */ = {isa = PBXFileReference; lastKnownFileType = sourcecode.swift; path = AppDelegate.swift; sourceTree = "<group>"; };
		98808EEA228A247A0068AE13 /* MainScreenViewController.swift */ = {isa = PBXFileReference; lastKnownFileType = sourcecode.swift; path = MainScreenViewController.swift; sourceTree = "<group>"; };
		98808EED228A247A0068AE13 /* Base */ = {isa = PBXFileReference; lastKnownFileType = file.storyboard; name = Base; path = Base.lproj/Main.storyboard; sourceTree = "<group>"; };
		98808EEF228A247B0068AE13 /* Assets.xcassets */ = {isa = PBXFileReference; lastKnownFileType = folder.assetcatalog; path = Assets.xcassets; sourceTree = "<group>"; };
		98808EF2228A247B0068AE13 /* Base */ = {isa = PBXFileReference; lastKnownFileType = file.storyboard; name = Base; path = Base.lproj/LaunchScreen.storyboard; sourceTree = "<group>"; };
		98808EF4228A247B0068AE13 /* Info.plist */ = {isa = PBXFileReference; lastKnownFileType = text.plist.xml; path = Info.plist; sourceTree = "<group>"; };
		98808EFA228A2D370068AE13 /* ExploreTopicsViewController.swift */ = {isa = PBXFileReference; lastKnownFileType = sourcecode.swift; path = ExploreTopicsViewController.swift; sourceTree = "<group>"; };
		98808EFF228A42180068AE13 /* OSNNetworking.swift */ = {isa = PBXFileReference; lastKnownFileType = sourcecode.swift; path = OSNNetworking.swift; sourceTree = "<group>"; };
		98B0AE02228BFC8000CC0291 /* RoundedShadowCard.swift */ = {isa = PBXFileReference; lastKnownFileType = sourcecode.swift; path = RoundedShadowCard.swift; sourceTree = "<group>"; };
		98B0AE22228CEF0700CC0291 /* Article.swift */ = {isa = PBXFileReference; lastKnownFileType = sourcecode.swift; path = Article.swift; sourceTree = "<group>"; };
		98EDBA80228FE6880062E4E2 /* CNNViewController.swift */ = {isa = PBXFileReference; lastKnownFileType = sourcecode.swift; path = CNNViewController.swift; sourceTree = "<group>"; };
		98EDBA82228FE6A60062E4E2 /* NYTimesViewController.swift */ = {isa = PBXFileReference; lastKnownFileType = sourcecode.swift; path = NYTimesViewController.swift; sourceTree = "<group>"; };
		98EDBA84228FE6B60062E4E2 /* HuffingtonPostViewController.swift */ = {isa = PBXFileReference; lastKnownFileType = sourcecode.swift; path = HuffingtonPostViewController.swift; sourceTree = "<group>"; };
		98EDBA86228FE6C80062E4E2 /* NBCViewController.swift */ = {isa = PBXFileReference; lastKnownFileType = sourcecode.swift; path = NBCViewController.swift; sourceTree = "<group>"; };
		E158897B0DF26B229C13FDB9 /* Pods-OneStopNews.release.xcconfig */ = {isa = PBXFileReference; includeInIndex = 1; lastKnownFileType = text.xcconfig; name = "Pods-OneStopNews.release.xcconfig"; path = "Target Support Files/Pods-OneStopNews/Pods-OneStopNews.release.xcconfig"; sourceTree = "<group>"; };
/* End PBXFileReference section */

/* Begin PBXFrameworksBuildPhase section */
		98808EE2228A247A0068AE13 /* Frameworks */ = {
			isa = PBXFrameworksBuildPhase;
			buildActionMask = 2147483647;
			files = (
				3788F2960A3520FF4B31B3F1 /* Pods_OneStopNews.framework in Frameworks */,
			);
			runOnlyForDeploymentPostprocessing = 0;
		};
/* End PBXFrameworksBuildPhase section */

/* Begin PBXGroup section */
		3A6F9FAA0EDFA67C444A068C /* Pods */ = {
			isa = PBXGroup;
			children = (
				0CE53C28698DF52C4BAD39C5 /* Pods-OneStopNews.debug.xcconfig */,
				E158897B0DF26B229C13FDB9 /* Pods-OneStopNews.release.xcconfig */,
			);
			path = Pods;
			sourceTree = "<group>";
		};
		70BB468AF29D9D2857D54E2A /* Frameworks */ = {
			isa = PBXGroup;
			children = (
				73A73CED7B5633A158318DAC /* Pods_OneStopNews.framework */,
			);
			name = Frameworks;
			sourceTree = "<group>";
		};
		98808EDC228A247A0068AE13 = {
			isa = PBXGroup;
			children = (
				98808EE7228A247A0068AE13 /* OneStopNews */,
				98808EE6228A247A0068AE13 /* Products */,
				3A6F9FAA0EDFA67C444A068C /* Pods */,
				70BB468AF29D9D2857D54E2A /* Frameworks */,
			);
			sourceTree = "<group>";
		};
		98808EE6228A247A0068AE13 /* Products */ = {
			isa = PBXGroup;
			children = (
				98808EE5228A247A0068AE13 /* OneStopNews.app */,
			);
			name = Products;
			sourceTree = "<group>";
		};
		98808EE7228A247A0068AE13 /* OneStopNews */ = {
			isa = PBXGroup;
			children = (
				98808EE8228A247A0068AE13 /* AppDelegate.swift */,
				98808EFF228A42180068AE13 /* OSNNetworking.swift */,
				98B0AE22228CEF0700CC0291 /* Article.swift */,
				98808EFC228A2E790068AE13 /* Controllers */,
				98808EFD228A2E830068AE13 /* Views */,
				98808EEF228A247B0068AE13 /* Assets.xcassets */,
				98808EF4228A247B0068AE13 /* Info.plist */,
			);
			path = OneStopNews;
			sourceTree = "<group>";
		};
		98808EFC228A2E790068AE13 /* Controllers */ = {
			isa = PBXGroup;
			children = (
				98808EEA228A247A0068AE13 /* MainScreenViewController.swift */,
				98808EFA228A2D370068AE13 /* ExploreTopicsViewController.swift */,
				98B0AE02228BFC8000CC0291 /* RoundedShadowCard.swift */,
				98EDBA80228FE6880062E4E2 /* CNNViewController.swift */,
				98EDBA82228FE6A60062E4E2 /* NYTimesViewController.swift */,
				98EDBA84228FE6B60062E4E2 /* HuffingtonPostViewController.swift */,
				98EDBA86228FE6C80062E4E2 /* NBCViewController.swift */,
			);
			path = Controllers;
			sourceTree = "<group>";
		};
		98808EFD228A2E830068AE13 /* Views */ = {
			isa = PBXGroup;
			children = (
				98808EEC228A247A0068AE13 /* Main.storyboard */,
				98808EF1228A247B0068AE13 /* LaunchScreen.storyboard */,
			);
			path = Views;
			sourceTree = "<group>";
		};
/* End PBXGroup section */

/* Begin PBXNativeTarget section */
		98808EE4228A247A0068AE13 /* OneStopNews */ = {
			isa = PBXNativeTarget;
			buildConfigurationList = 98808EF7228A247B0068AE13 /* Build configuration list for PBXNativeTarget "OneStopNews" */;
			buildPhases = (
				4A66823705E745F1498A9242 /* [CP] Check Pods Manifest.lock */,
				98808EE1228A247A0068AE13 /* Sources */,
				98808EE2228A247A0068AE13 /* Frameworks */,
				98808EE3228A247A0068AE13 /* Resources */,
				C121C12DD5C10F8C937C15A7 /* [CP] Embed Pods Frameworks */,
			);
			buildRules = (
			);
			dependencies = (
			);
			name = OneStopNews;
			productName = OneStopNews;
			productReference = 98808EE5228A247A0068AE13 /* OneStopNews.app */;
			productType = "com.apple.product-type.application";
		};
/* End PBXNativeTarget section */

/* Begin PBXProject section */
		98808EDD228A247A0068AE13 /* Project object */ = {
			isa = PBXProject;
			attributes = {
				LastSwiftUpdateCheck = 1020;
				LastUpgradeCheck = 1020;
				ORGANIZATIONNAME = "Johan Park";
				TargetAttributes = {
					98808EE4228A247A0068AE13 = {
						CreatedOnToolsVersion = 10.2;
					};
				};
			};
			buildConfigurationList = 98808EE0228A247A0068AE13 /* Build configuration list for PBXProject "OneStopNews" */;
			compatibilityVersion = "Xcode 9.3";
			developmentRegion = en;
			hasScannedForEncodings = 0;
			knownRegions = (
				en,
				Base,
			);
			mainGroup = 98808EDC228A247A0068AE13;
			productRefGroup = 98808EE6228A247A0068AE13 /* Products */;
			projectDirPath = "";
			projectRoot = "";
			targets = (
				98808EE4228A247A0068AE13 /* OneStopNews */,
			);
		};
/* End PBXProject section */

/* Begin PBXResourcesBuildPhase section */
		98808EE3228A247A0068AE13 /* Resources */ = {
			isa = PBXResourcesBuildPhase;
			buildActionMask = 2147483647;
			files = (
				98808EF3228A247B0068AE13 /* LaunchScreen.storyboard in Resources */,
				98808EF0228A247B0068AE13 /* Assets.xcassets in Resources */,
				98808EEE228A247A0068AE13 /* Main.storyboard in Resources */,
			);
			runOnlyForDeploymentPostprocessing = 0;
		};
/* End PBXResourcesBuildPhase section */

/* Begin PBXShellScriptBuildPhase section */
		4A66823705E745F1498A9242 /* [CP] Check Pods Manifest.lock */ = {
			isa = PBXShellScriptBuildPhase;
			buildActionMask = 2147483647;
			files = (
			);
			inputFileListPaths = (
			);
			inputPaths = (
				"${PODS_PODFILE_DIR_PATH}/Podfile.lock",
				"${PODS_ROOT}/Manifest.lock",
			);
			name = "[CP] Check Pods Manifest.lock";
			outputFileListPaths = (
			);
			outputPaths = (
				"$(DERIVED_FILE_DIR)/Pods-OneStopNews-checkManifestLockResult.txt",
			);
			runOnlyForDeploymentPostprocessing = 0;
			shellPath = /bin/sh;
			shellScript = "diff \"${PODS_PODFILE_DIR_PATH}/Podfile.lock\" \"${PODS_ROOT}/Manifest.lock\" > /dev/null\nif [ $? != 0 ] ; then\n    # print error to STDERR\n    echo \"error: The sandbox is not in sync with the Podfile.lock. Run 'pod install' or update your CocoaPods installation.\" >&2\n    exit 1\nfi\n# This output is used by Xcode 'outputs' to avoid re-running this script phase.\necho \"SUCCESS\" > \"${SCRIPT_OUTPUT_FILE_0}\"\n";
			showEnvVarsInLog = 0;
		};
		C121C12DD5C10F8C937C15A7 /* [CP] Embed Pods Frameworks */ = {
			isa = PBXShellScriptBuildPhase;
			buildActionMask = 2147483647;
			files = (
			);
			inputFileListPaths = (
			);
			inputPaths = (
				"${PODS_ROOT}/Target Support Files/Pods-OneStopNews/Pods-OneStopNews-frameworks.sh",
				"${BUILT_PRODUCTS_DIR}/Alamofire/Alamofire.framework",
				"${BUILT_PRODUCTS_DIR}/CardParts/CardParts.framework",
				"${BUILT_PRODUCTS_DIR}/Differentiator/Differentiator.framework",
				"${BUILT_PRODUCTS_DIR}/Hero/Hero.framework",
				"${BUILT_PRODUCTS_DIR}/PageMenu/PageMenu.framework",
				"${BUILT_PRODUCTS_DIR}/RxCocoa/RxCocoa.framework",
				"${BUILT_PRODUCTS_DIR}/RxDataSources/RxDataSources.framework",
				"${BUILT_PRODUCTS_DIR}/RxGesture/RxGesture.framework",
				"${BUILT_PRODUCTS_DIR}/RxSwift/RxSwift.framework",
				"${BUILT_PRODUCTS_DIR}/SwiftyJSON/SwiftyJSON.framework",
			);
			name = "[CP] Embed Pods Frameworks";
			outputFileListPaths = (
			);
			outputPaths = (
				"${TARGET_BUILD_DIR}/${FRAMEWORKS_FOLDER_PATH}/Alamofire.framework",
				"${TARGET_BUILD_DIR}/${FRAMEWORKS_FOLDER_PATH}/CardParts.framework",
				"${TARGET_BUILD_DIR}/${FRAMEWORKS_FOLDER_PATH}/Differentiator.framework",
				"${TARGET_BUILD_DIR}/${FRAMEWORKS_FOLDER_PATH}/Hero.framework",
				"${TARGET_BUILD_DIR}/${FRAMEWORKS_FOLDER_PATH}/PageMenu.framework",
				"${TARGET_BUILD_DIR}/${FRAMEWORKS_FOLDER_PATH}/RxCocoa.framework",
				"${TARGET_BUILD_DIR}/${FRAMEWORKS_FOLDER_PATH}/RxDataSources.framework",
				"${TARGET_BUILD_DIR}/${FRAMEWORKS_FOLDER_PATH}/RxGesture.framework",
				"${TARGET_BUILD_DIR}/${FRAMEWORKS_FOLDER_PATH}/RxSwift.framework",
				"${TARGET_BUILD_DIR}/${FRAMEWORKS_FOLDER_PATH}/SwiftyJSON.framework",
			);
			runOnlyForDeploymentPostprocessing = 0;
			shellPath = /bin/sh;
			shellScript = "\"${PODS_ROOT}/Target Support Files/Pods-OneStopNews/Pods-OneStopNews-frameworks.sh\"\n";
			showEnvVarsInLog = 0;
		};
/* End PBXShellScriptBuildPhase section */

/* Begin PBXSourcesBuildPhase section */
		98808EE1228A247A0068AE13 /* Sources */ = {
			isa = PBXSourcesBuildPhase;
			buildActionMask = 2147483647;
			files = (
				98B0AE23228CEF0700CC0291 /* Article.swift in Sources */,
				98808EFB228A2D370068AE13 /* ExploreTopicsViewController.swift in Sources */,
				98EDBA81228FE6880062E4E2 /* CNNViewController.swift in Sources */,
				98808EEB228A247A0068AE13 /* MainScreenViewController.swift in Sources */,
				98B0AE03228BFC8000CC0291 /* RoundedShadowCard.swift in Sources */,
				98808EE9228A247A0068AE13 /* AppDelegate.swift in Sources */,
				98EDBA87228FE6C80062E4E2 /* NBCViewController.swift in Sources */,
				98EDBA83228FE6A60062E4E2 /* NYTimesViewController.swift in Sources */,
				98EDBA85228FE6B60062E4E2 /* HuffingtonPostViewController.swift in Sources */,
				98808F00228A42180068AE13 /* OSNNetworking.swift in Sources */,
			);
			runOnlyForDeploymentPostprocessing = 0;
		};
/* End PBXSourcesBuildPhase section */

/* Begin PBXVariantGroup section */
		98808EEC228A247A0068AE13 /* Main.storyboard */ = {
			isa = PBXVariantGroup;
			children = (
				98808EED228A247A0068AE13 /* Base */,
			);
			name = Main.storyboard;
			sourceTree = "<group>";
		};
		98808EF1228A247B0068AE13 /* LaunchScreen.storyboard */ = {
			isa = PBXVariantGroup;
			children = (
				98808EF2228A247B0068AE13 /* Base */,
			);
			name = LaunchScreen.storyboard;
			sourceTree = "<group>";
		};
/* End PBXVariantGroup section */

/* Begin XCBuildConfiguration section */
		98808EF5228A247B0068AE13 /* Debug */ = {
			isa = XCBuildConfiguration;
			buildSettings = {
				ALWAYS_SEARCH_USER_PATHS = NO;
				CLANG_ANALYZER_NONNULL = YES;
				CLANG_ANALYZER_NUMBER_OBJECT_CONVERSION = YES_AGGRESSIVE;
				CLANG_CXX_LANGUAGE_STANDARD = "gnu++14";
				CLANG_CXX_LIBRARY = "libc++";
				CLANG_ENABLE_MODULES = YES;
				CLANG_ENABLE_OBJC_ARC = YES;
				CLANG_ENABLE_OBJC_WEAK = YES;
				CLANG_WARN_BLOCK_CAPTURE_AUTORELEASING = YES;
				CLANG_WARN_BOOL_CONVERSION = YES;
				CLANG_WARN_COMMA = YES;
				CLANG_WARN_CONSTANT_CONVERSION = YES;
				CLANG_WARN_DEPRECATED_OBJC_IMPLEMENTATIONS = YES;
				CLANG_WARN_DIRECT_OBJC_ISA_USAGE = YES_ERROR;
				CLANG_WARN_DOCUMENTATION_COMMENTS = YES;
				CLANG_WARN_EMPTY_BODY = YES;
				CLANG_WARN_ENUM_CONVERSION = YES;
				CLANG_WARN_INFINITE_RECURSION = YES;
				CLANG_WARN_INT_CONVERSION = YES;
				CLANG_WARN_NON_LITERAL_NULL_CONVERSION = YES;
				CLANG_WARN_OBJC_IMPLICIT_RETAIN_SELF = YES;
				CLANG_WARN_OBJC_LITERAL_CONVERSION = YES;
				CLANG_WARN_OBJC_ROOT_CLASS = YES_ERROR;
				CLANG_WARN_RANGE_LOOP_ANALYSIS = YES;
				CLANG_WARN_STRICT_PROTOTYPES = YES;
				CLANG_WARN_SUSPICIOUS_MOVE = YES;
				CLANG_WARN_UNGUARDED_AVAILABILITY = YES_AGGRESSIVE;
				CLANG_WARN_UNREACHABLE_CODE = YES;
				CLANG_WARN__DUPLICATE_METHOD_MATCH = YES;
				CODE_SIGN_IDENTITY = "iPhone Developer";
				COPY_PHASE_STRIP = NO;
				DEBUG_INFORMATION_FORMAT = dwarf;
				ENABLE_STRICT_OBJC_MSGSEND = YES;
				ENABLE_TESTABILITY = YES;
				GCC_C_LANGUAGE_STANDARD = gnu11;
				GCC_DYNAMIC_NO_PIC = NO;
				GCC_NO_COMMON_BLOCKS = YES;
				GCC_OPTIMIZATION_LEVEL = 0;
				GCC_PREPROCESSOR_DEFINITIONS = (
					"DEBUG=1",
					"$(inherited)",
				);
				GCC_WARN_64_TO_32_BIT_CONVERSION = YES;
				GCC_WARN_ABOUT_RETURN_TYPE = YES_ERROR;
				GCC_WARN_UNDECLARED_SELECTOR = YES;
				GCC_WARN_UNINITIALIZED_AUTOS = YES_AGGRESSIVE;
				GCC_WARN_UNUSED_FUNCTION = YES;
				GCC_WARN_UNUSED_VARIABLE = YES;
				IPHONEOS_DEPLOYMENT_TARGET = 12.2;
				MTL_ENABLE_DEBUG_INFO = INCLUDE_SOURCE;
				MTL_FAST_MATH = YES;
				ONLY_ACTIVE_ARCH = YES;
				SDKROOT = iphoneos;
				SWIFT_ACTIVE_COMPILATION_CONDITIONS = DEBUG;
				SWIFT_OPTIMIZATION_LEVEL = "-Onone";
			};
			name = Debug;
		};
		98808EF6228A247B0068AE13 /* Release */ = {
			isa = XCBuildConfiguration;
			buildSettings = {
				ALWAYS_SEARCH_USER_PATHS = NO;
				CLANG_ANALYZER_NONNULL = YES;
				CLANG_ANALYZER_NUMBER_OBJECT_CONVERSION = YES_AGGRESSIVE;
				CLANG_CXX_LANGUAGE_STANDARD = "gnu++14";
				CLANG_CXX_LIBRARY = "libc++";
				CLANG_ENABLE_MODULES = YES;
				CLANG_ENABLE_OBJC_ARC = YES;
				CLANG_ENABLE_OBJC_WEAK = YES;
				CLANG_WARN_BLOCK_CAPTURE_AUTORELEASING = YES;
				CLANG_WARN_BOOL_CONVERSION = YES;
				CLANG_WARN_COMMA = YES;
				CLANG_WARN_CONSTANT_CONVERSION = YES;
				CLANG_WARN_DEPRECATED_OBJC_IMPLEMENTATIONS = YES;
				CLANG_WARN_DIRECT_OBJC_ISA_USAGE = YES_ERROR;
				CLANG_WARN_DOCUMENTATION_COMMENTS = YES;
				CLANG_WARN_EMPTY_BODY = YES;
				CLANG_WARN_ENUM_CONVERSION = YES;
				CLANG_WARN_INFINITE_RECURSION = YES;
				CLANG_WARN_INT_CONVERSION = YES;
				CLANG_WARN_NON_LITERAL_NULL_CONVERSION = YES;
				CLANG_WARN_OBJC_IMPLICIT_RETAIN_SELF = YES;
				CLANG_WARN_OBJC_LITERAL_CONVERSION = YES;
				CLANG_WARN_OBJC_ROOT_CLASS = YES_ERROR;
				CLANG_WARN_RANGE_LOOP_ANALYSIS = YES;
				CLANG_WARN_STRICT_PROTOTYPES = YES;
				CLANG_WARN_SUSPICIOUS_MOVE = YES;
				CLANG_WARN_UNGUARDED_AVAILABILITY = YES_AGGRESSIVE;
				CLANG_WARN_UNREACHABLE_CODE = YES;
				CLANG_WARN__DUPLICATE_METHOD_MATCH = YES;
				CODE_SIGN_IDENTITY = "iPhone Developer";
				COPY_PHASE_STRIP = NO;
				DEBUG_INFORMATION_FORMAT = "dwarf-with-dsym";
				ENABLE_NS_ASSERTIONS = NO;
				ENABLE_STRICT_OBJC_MSGSEND = YES;
				GCC_C_LANGUAGE_STANDARD = gnu11;
				GCC_NO_COMMON_BLOCKS = YES;
				GCC_WARN_64_TO_32_BIT_CONVERSION = YES;
				GCC_WARN_ABOUT_RETURN_TYPE = YES_ERROR;
				GCC_WARN_UNDECLARED_SELECTOR = YES;
				GCC_WARN_UNINITIALIZED_AUTOS = YES_AGGRESSIVE;
				GCC_WARN_UNUSED_FUNCTION = YES;
				GCC_WARN_UNUSED_VARIABLE = YES;
				IPHONEOS_DEPLOYMENT_TARGET = 12.2;
				MTL_ENABLE_DEBUG_INFO = NO;
				MTL_FAST_MATH = YES;
				SDKROOT = iphoneos;
				SWIFT_COMPILATION_MODE = wholemodule;
				SWIFT_OPTIMIZATION_LEVEL = "-O";
				VALIDATE_PRODUCT = YES;
			};
			name = Release;
		};
		98808EF8228A247B0068AE13 /* Debug */ = {
			isa = XCBuildConfiguration;
			baseConfigurationReference = 0CE53C28698DF52C4BAD39C5 /* Pods-OneStopNews.debug.xcconfig */;
			buildSettings = {
				ASSETCATALOG_COMPILER_APPICON_NAME = AppIcon;
				CODE_SIGN_STYLE = Automatic;
				DEVELOPMENT_TEAM = 7B227ZD53A;
				INFOPLIST_FILE = OneStopNews/Info.plist;
				LD_RUNPATH_SEARCH_PATHS = (
					"$(inherited)",
					"@executable_path/Frameworks",
				);
				PRODUCT_BUNDLE_IDENTIFIER = com.parkjohan.johanpark.OneStopNews;
				PRODUCT_NAME = "$(TARGET_NAME)";
				SWIFT_VERSION = 5.0;
				TARGETED_DEVICE_FAMILY = "1,2";
			};
			name = Debug;
		};
		98808EF9228A247B0068AE13 /* Release */ = {
			isa = XCBuildConfiguration;
			baseConfigurationReference = E158897B0DF26B229C13FDB9 /* Pods-OneStopNews.release.xcconfig */;
			buildSettings = {
				ASSETCATALOG_COMPILER_APPICON_NAME = AppIcon;
				CODE_SIGN_STYLE = Automatic;
				DEVELOPMENT_TEAM = 7B227ZD53A;
				INFOPLIST_FILE = OneStopNews/Info.plist;
				LD_RUNPATH_SEARCH_PATHS = (
					"$(inherited)",
					"@executable_path/Frameworks",
				);
				PRODUCT_BUNDLE_IDENTIFIER = com.parkjohan.johanpark.OneStopNews;
				PRODUCT_NAME = "$(TARGET_NAME)";
				SWIFT_VERSION = 5.0;
				TARGETED_DEVICE_FAMILY = "1,2";
			};
			name = Release;
		};
/* End XCBuildConfiguration section */

/* Begin XCConfigurationList section */
		98808EE0228A247A0068AE13 /* Build configuration list for PBXProject "OneStopNews" */ = {
			isa = XCConfigurationList;
			buildConfigurations = (
				98808EF5228A247B0068AE13 /* Debug */,
				98808EF6228A247B0068AE13 /* Release */,
			);
			defaultConfigurationIsVisible = 0;
			defaultConfigurationName = Release;
		};
		98808EF7228A247B0068AE13 /* Build configuration list for PBXNativeTarget "OneStopNews" */ = {
			isa = XCConfigurationList;
			buildConfigurations = (
				98808EF8228A247B0068AE13 /* Debug */,
				98808EF9228A247B0068AE13 /* Release */,
			);
			defaultConfigurationIsVisible = 0;
			defaultConfigurationName = Release;
		};
/* End XCConfigurationList section */
	};
	rootObject = 98808EDD228A247A0068AE13 /* Project object */;
}
